
Microsoft Visual Studio Solution File, Format Version 12.00
# Visual Studio Version 16
VisualStudioVersion = 16.0.30225.117
MinimumVisualStudioVersion = 10.0.40219.1
Project("{9A19103F-16F7-4668-BE54-9A1E7A4F7556}") = "Assignment3_Movie", "Assignment3_Movie.csproj", "{AAEBAD4A-B5CC-4B3D-AF17-472493C4DC68}"
EndProject
Global
	GlobalSection(SolutionConfigurationPlatforms) = preSolution
		Debug|Any CPU = Debug|Any CPU
		Release|Any CPU = Release|Any CPU
	EndGlobalSection
	GlobalSection(ProjectConfigurationPlatforms) = postSolution
		{AAEBAD4A-B5CC-4B3D-AF17-472493C4DC68}.Debug|Any CPU.ActiveCfg = Debug|Any CPU
		{AAEBAD4A-B5CC-4B3D-AF17-472493C4DC68}.Debug|Any CPU.Build.0 = Debug|Any CPU
		{AAEBAD4A-B5CC-4B3D-AF17-472493C4DC68}.Release|Any CPU.ActiveCfg = Release|Any CPU
		{AAEBAD4A-B5CC-4B3D-AF17-472493C4DC68}.Release|Any CPU.Build.0 = Release|Any CPU
	EndGlobalSection
	GlobalSection(SolutionProperties) = preSolution
		HideSolutionNode = FALSE
	EndGlobalSection
	GlobalSection(ExtensibilityGlobals) = postSolution
		SolutionGuid = {79B2EDA9-2115-4B6D-9EB8-E54E1E0B7084}
	EndGlobalSection
EndGlobal
